// !$*UTF8*$!
{
	archiveVersion = 1;
	classes = {
	};
	objectVersion = 46;
	objects = {

/* Begin PBXFileReference section */
		900CEE941EB9E6FF0094D0BA /* reduction.py */ = {isa = PBXFileReference; fileEncoding = 4; lastKnownFileType = text.script.python; name = reduction.py; path = examples/reduction.py; sourceTree = "<group>"; };
		900CEE951EB9E6FF0094D0BA /* fitsio.py */ = {isa = PBXFileReference; fileEncoding = 4; lastKnownFileType = text.script.python; name = fitsio.py; path = examples/fitsio.py; sourceTree = "<group>"; };
		901EDA7B1E8D4A7F00630C7D /* uno.py */ = {isa = PBXFileReference; fileEncoding = 4; lastKnownFileType = text.script.python; name = uno.py; path = examples/uno.py; sourceTree = "<group>"; };
		901EDA7C1E8D4A7F00630C7D /* Integrate.py */ = {isa = PBXFileReference; fileEncoding = 4; lastKnownFileType = text.script.python; name = Integrate.py; path = examples/Integrate.py; sourceTree = "<group>"; };
		901EDA7D1E8D4A7F00630C7D /* Pi.py */ = {isa = PBXFileReference; fileEncoding = 4; lastKnownFileType = text.script.python; name = Pi.py; path = examples/Pi.py; sourceTree = "<group>"; };
		901EDA7F1E8E496E00630C7D /* main.py */ = {isa = PBXFileReference; fileEncoding = 4; lastKnownFileType = text.script.python; name = main.py; path = examples/main.py; sourceTree = "<group>"; };
		901EDA811E8E506C00630C7D /* variables01.py */ = {isa = PBXFileReference; fileEncoding = 4; lastKnownFileType = text.script.python; name = variables01.py; path = examples/variables01.py; sourceTree = "<group>"; };
		901EDA821E8E5AC000630C7D /* variables02.py */ = {isa = PBXFileReference; fileEncoding = 4; lastKnownFileType = text.script.python; name = variables02.py; path = examples/variables02.py; sourceTree = "<group>"; };
		901EDA831E8E5DD500630C7D /* Pi2.py */ = {isa = PBXFileReference; fileEncoding = 4; lastKnownFileType = text.script.python; name = Pi2.py; path = examples/Pi2.py; sourceTree = "<group>"; };
		901EDA841E8E619000630C7D /* Conversion01.py */ = {isa = PBXFileReference; fileEncoding = 4; lastKnownFileType = text.script.python; name = Conversion01.py; path = examples/Conversion01.py; sourceTree = "<group>"; };
		908CDD7B1EF9299D002E05B4 /* Sphere_barycenter.py */ = {isa = PBXFileReference; fileEncoding = 4; lastKnownFileType = text.script.python; name = Sphere_barycenter.py; path = examples/Sphere_barycenter.py; sourceTree = "<group>"; };
/* End PBXFileReference section */

/* Begin PBXGroup section */
		909A28F61E8588A2005D46DC = {
			isa = PBXGroup;
			children = (
				908CDD7B1EF9299D002E05B4 /* Sphere_barycenter.py */,
				900CEE941EB9E6FF0094D0BA /* reduction.py */,
				900CEE951EB9E6FF0094D0BA /* fitsio.py */,
				901EDA841E8E619000630C7D /* Conversion01.py */,
				901EDA831E8E5DD500630C7D /* Pi2.py */,
				901EDA821E8E5AC000630C7D /* variables02.py */,
				901EDA811E8E506C00630C7D /* variables01.py */,
				901EDA7F1E8E496E00630C7D /* main.py */,
				901EDA7B1E8D4A7F00630C7D /* uno.py */,
				901EDA7C1E8D4A7F00630C7D /* Integrate.py */,
				901EDA7D1E8D4A7F00630C7D /* Pi.py */,
			);
			sourceTree = "<group>";
		};
/* End PBXGroup section */

/* Begin PBXLegacyTarget section */
		909A28FB1E8588A2005D46DC /* LearnPython */ = {
			isa = PBXLegacyTarget;
			buildArgumentsString = "$(ACTION)";
			buildConfigurationList = 909A28FE1E8588A2005D46DC /* Build configuration list for PBXLegacyTarget "LearnPython" */;
			buildPhases = (
			);
			buildToolPath = /usr/bin/python;
			dependencies = (
			);
			name = LearnPython;
			passBuildSettingsInEnvironment = 1;
			productName = LearnPython;
		};
/* End PBXLegacyTarget section */

/* Begin PBXProject section */
		909A28F71E8588A2005D46DC /* Project object */ = {
			isa = PBXProject;
			attributes = {
				LastUpgradeCheck = 0820;
				ORGANIZATIONNAME = "giuliano taffoni";
				TargetAttributes = {
					909A28FB1E8588A2005D46DC = {
						CreatedOnToolsVersion = 8.2.1;
						ProvisioningStyle = Automatic;
					};
				};
			};
			buildConfigurationList = 909A28FA1E8588A2005D46DC /* Build configuration list for PBXProject "LearnPython" */;
			compatibilityVersion = "Xcode 3.2";
			developmentRegion = English;
			hasScannedForEncodings = 0;
			knownRegions = (
				en,
			);
			mainGroup = 909A28F61E8588A2005D46DC;
			projectDirPath = "";
			projectRoot = "";
			targets = (
				909A28FB1E8588A2005D46DC /* LearnPython */,
			);
		};
/* End PBXProject section */

/* Begin XCBuildConfiguration section */
		909A28FC1E8588A2005D46DC /* Debug */ = {
			isa = XCBuildConfiguration;
			buildSettings = {
				ALWAYS_SEARCH_USER_PATHS = NO;
				CLANG_ANALYZER_NONNULL = YES;
				CLANG_CXX_LANGUAGE_STANDARD = "gnu++0x";
				CLANG_CXX_LIBRARY = "libc++";
				CLANG_ENABLE_MODULES = YES;
				CLANG_ENABLE_OBJC_ARC = YES;
				CLANG_WARN_BOOL_CONVERSION = YES;
				CLANG_WARN_CONSTANT_CONVERSION = YES;
				CLANG_WARN_DIRECT_OBJC_ISA_USAGE = YES_ERROR;
				CLANG_WARN_DOCUMENTATION_COMMENTS = YES;
				CLANG_WARN_EMPTY_BODY = YES;
				CLANG_WARN_ENUM_CONVERSION = YES;
				CLANG_WARN_INFINITE_RECURSION = YES;
				CLANG_WARN_INT_CONVERSION = YES;
				CLANG_WARN_OBJC_ROOT_CLASS = YES_ERROR;
				CLANG_WARN_SUSPICIOUS_MOVE = YES;
				CLANG_WARN_UNREACHABLE_CODE = YES;
				CLANG_WARN__DUPLICATE_METHOD_MATCH = YES;
				COPY_PHASE_STRIP = NO;
				DEBUG_INFORMATION_FORMAT = dwarf;
				ENABLE_STRICT_OBJC_MSGSEND = YES;
				ENABLE_TESTABILITY = YES;
				GCC_C_LANGUAGE_STANDARD = gnu99;
				GCC_DYNAMIC_NO_PIC = NO;
				GCC_NO_COMMON_BLOCKS = YES;
				GCC_OPTIMIZATION_LEVEL = 0;
				GCC_PREPROCESSOR_DEFINITIONS = (
					"DEBUG=1",
					"$(inherited)",
				);
				GCC_WARN_64_TO_32_BIT_CONVERSION = YES;
				GCC_WARN_ABOUT_RETURN_TYPE = YES_ERROR;
				GCC_WARN_UNDECLARED_SELECTOR = YES;
				GCC_WARN_UNINITIALIZED_AUTOS = YES_AGGRESSIVE;
				GCC_WARN_UNUSED_FUNCTION = YES;
				GCC_WARN_UNUSED_VARIABLE = YES;
				MTL_ENABLE_DEBUG_INFO = YES;
				ONLY_ACTIVE_ARCH = YES;
			};
			name = Debug;
		};
		909A28FD1E8588A2005D46DC /* Release */ = {
			isa = XCBuildConfiguration;
			buildSettings = {
				ALWAYS_SEARCH_USER_PATHS = NO;
				CLANG_ANALYZER_NONNULL = YES;
				CLANG_CXX_LANGUAGE_STANDARD = "gnu++0x";
				CLANG_CXX_LIBRARY = "libc++";
				CLANG_ENABLE_MODULES = YES;
				CLANG_ENABLE_OBJC_ARC = YES;
				CLANG_WARN_BOOL_CONVERSION = YES;
				CLANG_WARN_CONSTANT_CONVERSION = YES;
				CLANG_WARN_DIRECT_OBJC_ISA_USAGE = YES_ERROR;
				CLANG_WARN_DOCUMENTATION_COMMENTS = YES;
				CLANG_WARN_EMPTY_BODY = YES;
				CLANG_WARN_ENUM_CONVERSION = YES;
				CLANG_WARN_INFINITE_RECURSION = YES;
				CLANG_WARN_INT_CONVERSION = YES;
				CLANG_WARN_OBJC_ROOT_CLASS = YES_ERROR;
				CLANG_WARN_SUSPICIOUS_MOVE = YES;
				CLANG_WARN_UNREACHABLE_CODE = YES;
				CLANG_WARN__DUPLICATE_METHOD_MATCH = YES;
				COPY_PHASE_STRIP = NO;
				DEBUG_INFORMATION_FORMAT = "dwarf-with-dsym";
				ENABLE_NS_ASSERTIONS = NO;
				ENABLE_STRICT_OBJC_MSGSEND = YES;
				GCC_C_LANGUAGE_STANDARD = gnu99;
				GCC_NO_COMMON_BLOCKS = YES;
				GCC_WARN_64_TO_32_BIT_CONVERSION = YES;
				GCC_WARN_ABOUT_RETURN_TYPE = YES_ERROR;
				GCC_WARN_UNDECLARED_SELECTOR = YES;
				GCC_WARN_UNINITIALIZED_AUTOS = YES_AGGRESSIVE;
				GCC_WARN_UNUSED_FUNCTION = YES;
				GCC_WARN_UNUSED_VARIABLE = YES;
				MTL_ENABLE_DEBUG_INFO = NO;
			};
			name = Release;
		};
		909A28FF1E8588A2005D46DC /* Debug */ = {
			isa = XCBuildConfiguration;
			buildSettings = {
				DEBUGGING_SYMBOLS = YES;
				DEBUG_INFORMATION_FORMAT = dwarf;
				GCC_GENERATE_DEBUGGING_SYMBOLS = YES;
				GCC_OPTIMIZATION_LEVEL = 0;
				OTHER_CFLAGS = "";
				OTHER_LDFLAGS = "";
				PRODUCT_NAME = "$(TARGET_NAME)";
			};
			name = Debug;
		};
		909A29001E8588A2005D46DC /* Release */ = {
			isa = XCBuildConfiguration;
			buildSettings = {
				DEBUG_INFORMATION_FORMAT = "dwarf-with-dsym";
				OTHER_CFLAGS = "";
				OTHER_LDFLAGS = "";
				PRODUCT_NAME = "$(TARGET_NAME)";
			};
			name = Release;
		};
/* End XCBuildConfiguration section */

/* Begin XCConfigurationList section */
		909A28FA1E8588A2005D46DC /* Build configuration list for PBXProject "LearnPython" */ = {
			isa = XCConfigurationList;
			buildConfigurations = (
				909A28FC1E8588A2005D46DC /* Debug */,
				909A28FD1E8588A2005D46DC /* Release */,
			);
			defaultConfigurationIsVisible = 0;
			defaultConfigurationName = Release;
		};
		909A28FE1E8588A2005D46DC /* Build configuration list for PBXLegacyTarget "LearnPython" */ = {
			isa = XCConfigurationList;
			buildConfigurations = (
				909A28FF1E8588A2005D46DC /* Debug */,
				909A29001E8588A2005D46DC /* Release */,
			);
			defaultConfigurationIsVisible = 0;
			defaultConfigurationName = Release;
		};
/* End XCConfigurationList section */
	};
	rootObject = 909A28F71E8588A2005D46DC /* Project object */;
}
